
Microsoft Visual Studio Solution File, Format Version 12.00
# Visual Studio 14
VisualStudioVersion = 14.0.25420.1
MinimumVisualStudioVersion = 10.0.40219.1
Project("{FAE04EC0-301F-11D3-BF4B-00C04F79EFBC}") = "Vista", "FactorySys\Vista.csproj", "{6F4C309A-0A29-4FC6-A6C9-09F4750EBACD}"
EndProject
Project("{FAE04EC0-301F-11D3-BF4B-00C04F79EFBC}") = "Modelo", "Modelo\Modelo.csproj", "{C86B45AB-62B3-4068-BE70-D46C29E79C0D}"
EndProject
Project("{FAE04EC0-301F-11D3-BF4B-00C04F79EFBC}") = "Controladora", "Controladora\Controladora.csproj", "{DB052925-CBAD-4EEC-AEB9-2B7117B0E57A}"
EndProject
Project("{FAE04EC0-301F-11D3-BF4B-00C04F79EFBC}") = "Comun", "Comun\Comun.csproj", "{21F742EE-E636-4200-848E-92C2CB85AF3D}"
EndProject
Global
	GlobalSection(SolutionConfigurationPlatforms) = preSolution
		Debug|Any CPU = Debug|Any CPU
		Release|Any CPU = Release|Any CPU
	EndGlobalSection
	GlobalSection(ProjectConfigurationPlatforms) = postSolution
		{6F4C309A-0A29-4FC6-A6C9-09F4750EBACD}.Debug|Any CPU.ActiveCfg = Debug|Any CPU
		{6F4C309A-0A29-4FC6-A6C9-09F4750EBACD}.Debug|Any CPU.Build.0 = Debug|Any CPU
		{6F4C309A-0A29-4FC6-A6C9-09F4750EBACD}.Release|Any CPU.ActiveCfg = Release|Any CPU
		{6F4C309A-0A29-4FC6-A6C9-09F4750EBACD}.Release|Any CPU.Build.0 = Release|Any CPU
		{C86B45AB-62B3-4068-BE70-D46C29E79C0D}.Debug|Any CPU.ActiveCfg = Debug|Any CPU
		{C86B45AB-62B3-4068-BE70-D46C29E79C0D}.Debug|Any CPU.Build.0 = Debug|Any CPU
		{C86B45AB-62B3-4068-BE70-D46C29E79C0D}.Release|Any CPU.ActiveCfg = Release|Any CPU
		{C86B45AB-62B3-4068-BE70-D46C29E79C0D}.Release|Any CPU.Build.0 = Release|Any CPU
		{DB052925-CBAD-4EEC-AEB9-2B7117B0E57A}.Debug|Any CPU.ActiveCfg = Debug|Any CPU
		{DB052925-CBAD-4EEC-AEB9-2B7117B0E57A}.Debug|Any CPU.Build.0 = Debug|Any CPU
		{DB052925-CBAD-4EEC-AEB9-2B7117B0E57A}.Release|Any CPU.ActiveCfg = Release|Any CPU
		{DB052925-CBAD-4EEC-AEB9-2B7117B0E57A}.Release|Any CPU.Build.0 = Release|Any CPU
		{21F742EE-E636-4200-848E-92C2CB85AF3D}.Debug|Any CPU.ActiveCfg = Debug|Any CPU
		{21F742EE-E636-4200-848E-92C2CB85AF3D}.Debug|Any CPU.Build.0 = Debug|Any CPU
		{21F742EE-E636-4200-848E-92C2CB85AF3D}.Release|Any CPU.ActiveCfg = Release|Any CPU
		{21F742EE-E636-4200-848E-92C2CB85AF3D}.Release|Any CPU.Build.0 = Release|Any CPU
	EndGlobalSection
	GlobalSection(SolutionProperties) = preSolution
		HideSolutionNode = FALSE
	EndGlobalSection
EndGlobal
